{
  "version": 4,
  "terraform_version": "1.10.1",
  "serial": 2,
  "lineage": "9638b6a2-b7ea-7dd9-ce53-dff11ce0380a",
  "outputs": {
    "aks_fqdn": {
      "value": "terraform-aks-test-8n5t59l5.hcp.eastus.azmk8s.io",
      "type": "string"
    },
    "aks_id": {
      "value": "/subscriptions/e5e62d08-85ed-413e-96aa-d9dbc151dc0b/resourceGroups/cummins-medium-test/providers/Microsoft.ContainerService/managedClusters/terraform-aks-test",
      "type": "string"
    },
    "aks_node_rg": {
      "value": "terraform-aks-test-rg",
      "type": "string"
    }
  },
  "resources": [
    {
      "mode": "managed",
      "type": "azurerm_kubernetes_cluster",
      "name": "aks",
      "provider": "provider[\"registry.terraform.io/hashicorp/azurerm\"]",
      "instances": [
        {
          "schema_version": 2,
          "attributes": {
            "aci_connector_linux": [],
            "api_server_access_profile": [],
            "auto_scaler_profile": [],
            "automatic_upgrade_channel": "",
            "azure_active_directory_role_based_access_control": [
              {
                "admin_group_object_ids": [
                  "c34bc108-2e03-4432-b674-61b921a075a8"
                ],
                "azure_rbac_enabled": false,
                "tenant_id": "78bc4686-f789-41d4-bfd6-1bbd52d78344"
              }
            ],
            "azure_policy_enabled": null,
            "confidential_computing": [],
            "cost_analysis_enabled": false,
            "current_kubernetes_version": "1.31.2",
            "default_node_pool": [
              {
                "auto_scaling_enabled": false,
                "capacity_reservation_group_id": "",
                "fips_enabled": false,
                "gpu_instance": "",
                "host_encryption_enabled": false,
                "host_group_id": "",
                "kubelet_config": [],
                "kubelet_disk_type": "OS",
                "linux_os_config": [],
                "max_count": 0,
                "max_pods": 110,
                "min_count": 0,
                "name": "system",
                "node_count": 1,
                "node_labels": {},
                "node_network_profile": [],
                "node_public_ip_enabled": false,
                "node_public_ip_prefix_id": "",
                "only_critical_addons_enabled": false,
                "orchestrator_version": "1.31.2",
                "os_disk_size_gb": 128,
                "os_disk_type": "Managed",
                "os_sku": "Ubuntu",
                "pod_subnet_id": "",
                "proximity_placement_group_id": "",
                "scale_down_mode": "Delete",
                "snapshot_id": "",
                "tags": {},
                "temporary_name_for_rotation": "",
                "type": "VirtualMachineScaleSets",
                "ultra_ssd_enabled": false,
                "upgrade_settings": [
                  {
                    "drain_timeout_in_minutes": 0,
                    "max_surge": "10%",
                    "node_soak_duration_in_minutes": 0
                  }
                ],
                "vm_size": "Standard_DS2_v2",
                "vnet_subnet_id": "",
                "workload_runtime": "",
                "zones": []
              }
            ],
            "disk_encryption_set_id": "",
            "dns_prefix": "terraform-aks-test",
            "dns_prefix_private_cluster": "",
            "edge_zone": "",
            "fqdn": "terraform-aks-test-8n5t59l5.hcp.eastus.azmk8s.io",
            "http_application_routing_enabled": null,
            "http_application_routing_zone_name": null,
            "http_proxy_config": [],
            "id": "/subscriptions/e5e62d08-85ed-413e-96aa-d9dbc151dc0b/resourceGroups/cummins-medium-test/providers/Microsoft.ContainerService/managedClusters/terraform-aks-test",
            "identity": [
              {
                "identity_ids": [],
                "principal_id": "3bc881af-a9eb-4832-a330-77d5dfc57ca4",
                "tenant_id": "78bc4686-f789-41d4-bfd6-1bbd52d78344",
                "type": "SystemAssigned"
              }
            ],
            "image_cleaner_enabled": null,
            "image_cleaner_interval_hours": null,
            "ingress_application_gateway": [],
            "key_management_service": [],
            "key_vault_secrets_provider": [],
            "kube_admin_config": [],
            "kube_admin_config_raw": "",
            "kube_config": [
              {
                "client_certificate": "",
                "client_key": "",
                "cluster_ca_certificate": "LS0tLS1CRUdJTiBDRVJUSUZJQ0FURS0tLS0tCk1JSUU2RENDQXRDZ0F3SUJBZ0lRUUk4S3ZFT2EwbWJ5bHYvKzlmaithVEFOQmdrcWhraUc5dzBCQVFzRkFEQU4KTVFzd0NRWURWUVFERXdKallUQWdGdzB5TlRBeE1ETXhOVEEyTURSYUdBOHlNRFUxTURFd016RTFNVFl3TkZvdwpEVEVMTUFrR0ExVUVBeE1DWTJFd2dnSWlNQTBHQ1NxR1NJYjNEUUVCQVFVQUE0SUNEd0F3Z2dJS0FvSUNBUURJClcxcHRWU1JURVpmckl6T2Z5UjhVSWdvRFZTeXhVeURsbXB6VTBQU0wzTmlhcmhseVpLWTg2MjZ5YWZHT1paVE4KcWd3T2VqZ21abTJPTjU5TG9kOSttZ25JM0xYblpwRlhwOHcyYVpFcjQ1OTJpSWdhK2NpTWw3bDFMOHVLSGpVaQpBb3ZyTDlLRDRWRU04dHRQNXc1Skt4RThteGFqTUtRSFh1L3pER0xyK0JMVkMzOUxWdHNDU0RYRzZwcTRwQzdkClQ4RGV4ck5OTGhxUWMySFBibUdGazFQaXVEOUJaMklQT3djRld3U2RCcURvVTZuenZ2MXoydmw5NDNsaThZWjIKeHBJM0MzektYbCs5ZTd6dXdwZnV6VExYMFJQUEZ5OHhKaHl2Z2s1cEsrZ0NDU1JEVlhDTWJYb3ZSSWVRaXQ2NgprdzhyMVJmV3lTVkRNS2FhZndxanNaUHl5YWpjOHdpUHVuMStpS1NBSi84R2c1UHJKNExKenNjVkk4YlpnNllFCjR3eFpWMEtGdEQ3VGZYUXlhaVNYTGlFSjRWVHBxZWJhTG9abnFVdG4yYWRZT3hXaXQvcG9jaERReE53MFVXNDEKcVEydFM3b1hjWWgxdFM0Ny9ObnFyUFVyM2tYY2hxbFhGTVhYN2hYSjlmLzFTTC9Sb0Z0eXA1R3VPQUNVNkg3eQo5YnE4MlcrQkNJQ0IrMG9OMTNrc1RNYzAwRXVCWjRXSFRQTUFhTFFyQnppREFwQUFWOVUyRGlyT3pEWERWUUtlCmkxZW13WVBrNGJFa1JreTNqSHVnQUx2aXhWODRFVnJsZjdEbVpKcXhHdUhSWE53TkFBcjcrVTk3b241YnpPcDUKb0F0TFZBM1VaZ0RUS0oyb3dTV1p6c0FDQXVlYXpoNWxwNnJEY2F0WXJ3SURBUUFCbzBJd1FEQU9CZ05WSFE4QgpBZjhFQkFNQ0FxUXdEd1lEVlIwVEFRSC9CQVV3QXdFQi96QWRCZ05WSFE0RUZnUVVyNW5Ma0FXZGt0WTY3R25DCkZqVnh1TkgydGpVd0RRWUpLb1pJaHZjTkFRRUxCUUFEZ2dJQkFJMkxWQlZsN3lqTmVRdFE4TmtESHhrZm5nVGEKU013REZLNDVteU9oRFE4U0IwQVJUM2F6ZXZ3NUJocTNJUzVaS2ZjalhWYytSVmRRcEVzZjk2Wis0MWh6UFY1UQpzcVZEcUl2V1psN2hmM1dRbi84RFlGRFNxSVhnQi9GOXhkNytCK3V0S3M2M1BRS1ZwTW5iTVpVMyt1Wm41OFg4CkFRbkxYSGNVQkszb0R3R1BsTlBBRUJFWTBGZTVPQTB3SUhkS2JnelBpakQ3REVET20zWTBxRk0xNFBVaklUYzYKTDFnYSszU2ZYNWVHdDl2TUNkNzlsZEJwakRibTg0di80QTVWSFRoYWZ0TDRxazRRMjdKQmQ0dllpdVpWTFhTdgpSTkthVHJ5N3g2THhaOW52VE9Ob3l0OUVkaGExL05nWGtmZ21xZDJBUTJGamZqRWgwaTRXcUF1UGlZbUZqKzN1CndDU0dtNTRTcE5jT2VoRWVudGpLYm1SMWEyYk53K0lOdE9DRVdCQVV3MVBaTjExZFNZRWZmajgxdklRZ1pZYUwKdEhqdWRNd2Z5NzlIMVNoandzMzgyVzFvU1dzS2NZZ25USUgrVnlVVnYwS2pRME5LMXNzVWJFa3lVZXM3QTZzLwo0OS9MejJENlBDVnlwa0RpN1ZoWm9RbllkOUpzVWF1Z2RBQXBPUmtXeWhJWGNNM0RVZ3k0VnIyamVTMXpQZUhwCiswS3RQL2U5RzU5KzZWUDdpZzljcFFDZjEvZFVpcVI0UDkrQVJuV2JoczA1d0FwZDNjalBPRXJIS0VPRVdoNEQKMGJjN2lkNDJwckk3ZFBGUklXd1VzclhnQitMWmoyRlhpMElLWkNucnhjSVpJdWVtdERJMnhCOE1lbXYwNmRYVgplS0JweUZqNGltcktrQTNhCi0tLS0tRU5EIENFUlRJRklDQVRFLS0tLS0K",
                "host": "https://terraform-aks-test-8n5t59l5.hcp.eastus.azmk8s.io:443",
                "password": "",
                "username": "clusterUser_cummins-medium-test_terraform-aks-test"
              }
            ],
            "kube_config_raw": "apiVersion: v1\nclusters:\n- cluster:\n    certificate-authority-data: LS0tLS1CRUdJTiBDRVJUSUZJQ0FURS0tLS0tCk1JSUU2RENDQXRDZ0F3SUJBZ0lRUUk4S3ZFT2EwbWJ5bHYvKzlmaithVEFOQmdrcWhraUc5dzBCQVFzRkFEQU4KTVFzd0NRWURWUVFERXdKallUQWdGdzB5TlRBeE1ETXhOVEEyTURSYUdBOHlNRFUxTURFd016RTFNVFl3TkZvdwpEVEVMTUFrR0ExVUVBeE1DWTJFd2dnSWlNQTBHQ1NxR1NJYjNEUUVCQVFVQUE0SUNEd0F3Z2dJS0FvSUNBUURJClcxcHRWU1JURVpmckl6T2Z5UjhVSWdvRFZTeXhVeURsbXB6VTBQU0wzTmlhcmhseVpLWTg2MjZ5YWZHT1paVE4KcWd3T2VqZ21abTJPTjU5TG9kOSttZ25JM0xYblpwRlhwOHcyYVpFcjQ1OTJpSWdhK2NpTWw3bDFMOHVLSGpVaQpBb3ZyTDlLRDRWRU04dHRQNXc1Skt4RThteGFqTUtRSFh1L3pER0xyK0JMVkMzOUxWdHNDU0RYRzZwcTRwQzdkClQ4RGV4ck5OTGhxUWMySFBibUdGazFQaXVEOUJaMklQT3djRld3U2RCcURvVTZuenZ2MXoydmw5NDNsaThZWjIKeHBJM0MzektYbCs5ZTd6dXdwZnV6VExYMFJQUEZ5OHhKaHl2Z2s1cEsrZ0NDU1JEVlhDTWJYb3ZSSWVRaXQ2NgprdzhyMVJmV3lTVkRNS2FhZndxanNaUHl5YWpjOHdpUHVuMStpS1NBSi84R2c1UHJKNExKenNjVkk4YlpnNllFCjR3eFpWMEtGdEQ3VGZYUXlhaVNYTGlFSjRWVHBxZWJhTG9abnFVdG4yYWRZT3hXaXQvcG9jaERReE53MFVXNDEKcVEydFM3b1hjWWgxdFM0Ny9ObnFyUFVyM2tYY2hxbFhGTVhYN2hYSjlmLzFTTC9Sb0Z0eXA1R3VPQUNVNkg3eQo5YnE4MlcrQkNJQ0IrMG9OMTNrc1RNYzAwRXVCWjRXSFRQTUFhTFFyQnppREFwQUFWOVUyRGlyT3pEWERWUUtlCmkxZW13WVBrNGJFa1JreTNqSHVnQUx2aXhWODRFVnJsZjdEbVpKcXhHdUhSWE53TkFBcjcrVTk3b241YnpPcDUKb0F0TFZBM1VaZ0RUS0oyb3dTV1p6c0FDQXVlYXpoNWxwNnJEY2F0WXJ3SURBUUFCbzBJd1FEQU9CZ05WSFE4QgpBZjhFQkFNQ0FxUXdEd1lEVlIwVEFRSC9CQVV3QXdFQi96QWRCZ05WSFE0RUZnUVVyNW5Ma0FXZGt0WTY3R25DCkZqVnh1TkgydGpVd0RRWUpLb1pJaHZjTkFRRUxCUUFEZ2dJQkFJMkxWQlZsN3lqTmVRdFE4TmtESHhrZm5nVGEKU013REZLNDVteU9oRFE4U0IwQVJUM2F6ZXZ3NUJocTNJUzVaS2ZjalhWYytSVmRRcEVzZjk2Wis0MWh6UFY1UQpzcVZEcUl2V1psN2hmM1dRbi84RFlGRFNxSVhnQi9GOXhkNytCK3V0S3M2M1BRS1ZwTW5iTVpVMyt1Wm41OFg4CkFRbkxYSGNVQkszb0R3R1BsTlBBRUJFWTBGZTVPQTB3SUhkS2JnelBpakQ3REVET20zWTBxRk0xNFBVaklUYzYKTDFnYSszU2ZYNWVHdDl2TUNkNzlsZEJwakRibTg0di80QTVWSFRoYWZ0TDRxazRRMjdKQmQ0dllpdVpWTFhTdgpSTkthVHJ5N3g2THhaOW52VE9Ob3l0OUVkaGExL05nWGtmZ21xZDJBUTJGamZqRWgwaTRXcUF1UGlZbUZqKzN1CndDU0dtNTRTcE5jT2VoRWVudGpLYm1SMWEyYk53K0lOdE9DRVdCQVV3MVBaTjExZFNZRWZmajgxdklRZ1pZYUwKdEhqdWRNd2Z5NzlIMVNoandzMzgyVzFvU1dzS2NZZ25USUgrVnlVVnYwS2pRME5LMXNzVWJFa3lVZXM3QTZzLwo0OS9MejJENlBDVnlwa0RpN1ZoWm9RbllkOUpzVWF1Z2RBQXBPUmtXeWhJWGNNM0RVZ3k0VnIyamVTMXpQZUhwCiswS3RQL2U5RzU5KzZWUDdpZzljcFFDZjEvZFVpcVI0UDkrQVJuV2JoczA1d0FwZDNjalBPRXJIS0VPRVdoNEQKMGJjN2lkNDJwckk3ZFBGUklXd1VzclhnQitMWmoyRlhpMElLWkNucnhjSVpJdWVtdERJMnhCOE1lbXYwNmRYVgplS0JweUZqNGltcktrQTNhCi0tLS0tRU5EIENFUlRJRklDQVRFLS0tLS0K\n    server: https://terraform-aks-test-8n5t59l5.hcp.eastus.azmk8s.io:443\n  name: terraform-aks-test\ncontexts:\n- context:\n    cluster: terraform-aks-test\n    user: clusterUser_cummins-medium-test_terraform-aks-test\n  name: terraform-aks-test\ncurrent-context: terraform-aks-test\nkind: Config\npreferences: {}\nusers:\n- name: clusterUser_cummins-medium-test_terraform-aks-test\n  user:\n    exec:\n      apiVersion: client.authentication.k8s.io/v1beta1\n      args:\n      - get-token\n      - --environment\n      - AzurePublicCloud\n      - --server-id\n      - 6dae42f8-4368-4678-94ff-3960e28e3630\n      - --client-id\n      - 80faf920-1908-4b52-b5ef-a8e7bedfc67a\n      - --tenant-id\n      - 78bc4686-f789-41d4-bfd6-1bbd52d78344\n      - --login\n      - devicecode\n      command: kubelogin\n      env: null\n      installHint: |2\n\n        kubelogin is not installed which is required to connect to AAD enabled cluster.\n\n        To learn more, please go to https://aka.ms/aks/kubelogin\n      provideClusterInfo: false\n",
            "kubelet_identity": [
              {
                "client_id": "3960a5fa-3865-46d6-862a-76abfd7af8a7",
                "object_id": "ad159ba8-bfa2-42b2-9538-50736b603bdb",
                "user_assigned_identity_id": "/subscriptions/e5e62d08-85ed-413e-96aa-d9dbc151dc0b/resourceGroups/terraform-aks-test-rg/providers/Microsoft.ManagedIdentity/userAssignedIdentities/terraform-aks-test-agentpool"
              }
            ],
            "kubernetes_version": "1.31.2",
            "linux_profile": [],
            "local_account_disabled": true,
            "location": "eastus",
            "maintenance_window": [],
            "maintenance_window_auto_upgrade": [],
            "maintenance_window_node_os": [],
            "microsoft_defender": [],
            "monitor_metrics": [],
            "name": "terraform-aks-test",
            "network_profile": [
              {
                "dns_service_ip": "10.0.0.10",
                "ip_versions": [
                  "IPv4"
                ],
                "load_balancer_profile": [
                  {
                    "effective_outbound_ips": [
                      "/subscriptions/e5e62d08-85ed-413e-96aa-d9dbc151dc0b/resourceGroups/terraform-aks-test-rg/providers/Microsoft.Network/publicIPAddresses/d4c1202a-2ff3-4b63-9c1a-1ca24a1ee7cb"
                    ],
                    "idle_timeout_in_minutes": 0,
                    "managed_outbound_ip_count": 1,
                    "managed_outbound_ipv6_count": 0,
                    "outbound_ip_address_ids": [],
                    "outbound_ip_prefix_ids": [],
                    "outbound_ports_allocated": 0
                  }
                ],
                "load_balancer_sku": "standard",
                "nat_gateway_profile": [],
                "network_data_plane": "azure",
                "network_mode": "",
                "network_plugin": "kubenet",
                "network_plugin_mode": "",
                "network_policy": "",
                "outbound_type": "loadBalancer",
                "pod_cidr": "10.244.0.0/16",
                "pod_cidrs": [
                  "10.244.0.0/16"
                ],
                "service_cidr": "10.0.0.0/16",
                "service_cidrs": [
                  "10.0.0.0/16"
                ]
              }
            ],
            "node_os_upgrade_channel": "NodeImage",
            "node_resource_group": "terraform-aks-test-rg",
            "node_resource_group_id": "/subscriptions/e5e62d08-85ed-413e-96aa-d9dbc151dc0b/resourceGroups/terraform-aks-test-rg",
            "oidc_issuer_enabled": false,
            "oidc_issuer_url": "",
            "oms_agent": [],
            "open_service_mesh_enabled": null,
            "portal_fqdn": "terraform-aks-test-8n5t59l5.portal.hcp.eastus.azmk8s.io",
            "private_cluster_enabled": false,
            "private_cluster_public_fqdn_enabled": false,
            "private_dns_zone_id": "",
            "private_fqdn": "",
            "resource_group_name": "cummins-medium-test",
            "role_based_access_control_enabled": true,
            "run_command_enabled": true,
            "service_mesh_profile": [],
            "service_principal": [],
            "sku_tier": "Free",
            "storage_profile": [],
            "support_plan": "KubernetesOfficial",
            "tags": {},
            "timeouts": null,
            "web_app_routing": [],
            "windows_profile": [],
            "workload_autoscaler_profile": [],
            "workload_identity_enabled": false
          },
          "sensitive_attributes": [
            [
              {
                "type": "get_attr",
                "value": "kube_config_raw"
              }
            ],
            [
              {
                "type": "get_attr",
                "value": "kube_config"
              }
            ],
            [
              {
                "type": "get_attr",
                "value": "kube_admin_config_raw"
              }
            ],
            [
              {
                "type": "get_attr",
                "value": "kube_admin_config"
              }
            ]
          ],
          "private": "eyJlMmJmYjczMC1lY2FhLTExZTYtOGY4OC0zNDM2M2JjN2M0YzAiOnsiY3JlYXRlIjo1NDAwMDAwMDAwMDAwLCJkZWxldGUiOjU0MDAwMDAwMDAwMDAsInJlYWQiOjMwMDAwMDAwMDAwMCwidXBkYXRlIjo1NDAwMDAwMDAwMDAwfSwic2NoZW1hX3ZlcnNpb24iOiIyIn0="
        }
      ]
    }
  ],
  "check_results": null
}
