{
  "version": 4,
  "terraform_version": "1.10.1",
  "serial": 6,
  "lineage": "ff6b0300-3cd4-114c-50bb-d75528ddaef1",
  "outputs": {
    "aks_fqdn": {
      "value": "terraform-aks-test-n0xrcvp1.hcp.eastus.azmk8s.io",
      "type": "string"
    },
    "aks_id": {
      "value": "/subscriptions/e5e62d08-85ed-413e-96aa-d9dbc151dc0b/resourceGroups/cummins-medium-test/providers/Microsoft.ContainerService/managedClusters/terraform-aks-test",
      "type": "string"
    },
    "aks_node_rg": {
      "value": "terraform-aks-test-rg",
      "type": "string"
    }
  },
  "resources": [
    {
      "mode": "managed",
      "type": "azurerm_kubernetes_cluster",
      "name": "aks",
      "provider": "provider[\"registry.terraform.io/hashicorp/azurerm\"]",
      "instances": [
        {
          "schema_version": 2,
          "attributes": {
            "aci_connector_linux": [],
            "api_server_access_profile": [],
            "auto_scaler_profile": [],
            "automatic_upgrade_channel": "",
            "azure_active_directory_role_based_access_control": [
              {
                "admin_group_object_ids": [
                  "c34bc108-2e03-4432-b674-61b921a075a8"
                ],
                "azure_rbac_enabled": false,
                "tenant_id": "78bc4686-f789-41d4-bfd6-1bbd52d78344"
              }
            ],
            "azure_policy_enabled": null,
            "confidential_computing": [],
            "cost_analysis_enabled": false,
            "current_kubernetes_version": "1.31.2",
            "default_node_pool": [
              {
                "auto_scaling_enabled": false,
                "capacity_reservation_group_id": "",
                "fips_enabled": false,
                "gpu_instance": "",
                "host_encryption_enabled": false,
                "host_group_id": "",
                "kubelet_config": [],
                "kubelet_disk_type": "OS",
                "linux_os_config": [],
                "max_count": 0,
                "max_pods": 110,
                "min_count": 0,
                "name": "system",
                "node_count": 1,
                "node_labels": {},
                "node_network_profile": [],
                "node_public_ip_enabled": false,
                "node_public_ip_prefix_id": "",
                "only_critical_addons_enabled": false,
                "orchestrator_version": "1.31.2",
                "os_disk_size_gb": 128,
                "os_disk_type": "Managed",
                "os_sku": "Ubuntu",
                "pod_subnet_id": "",
                "proximity_placement_group_id": "",
                "scale_down_mode": "Delete",
                "snapshot_id": "",
                "tags": {},
                "temporary_name_for_rotation": "",
                "type": "VirtualMachineScaleSets",
                "ultra_ssd_enabled": false,
                "upgrade_settings": [
                  {
                    "drain_timeout_in_minutes": 0,
                    "max_surge": "10%",
                    "node_soak_duration_in_minutes": 0
                  }
                ],
                "vm_size": "Standard_DS2_v2",
                "vnet_subnet_id": "",
                "workload_runtime": "",
                "zones": []
              }
            ],
            "disk_encryption_set_id": "",
            "dns_prefix": "terraform-aks-test",
            "dns_prefix_private_cluster": "",
            "edge_zone": "",
            "fqdn": "terraform-aks-test-n0xrcvp1.hcp.eastus.azmk8s.io",
            "http_application_routing_enabled": null,
            "http_application_routing_zone_name": null,
            "http_proxy_config": [],
            "id": "/subscriptions/e5e62d08-85ed-413e-96aa-d9dbc151dc0b/resourceGroups/cummins-medium-test/providers/Microsoft.ContainerService/managedClusters/terraform-aks-test",
            "identity": [
              {
                "identity_ids": [],
                "principal_id": "46f02d53-ca4e-4ac8-a294-75add56161ae",
                "tenant_id": "78bc4686-f789-41d4-bfd6-1bbd52d78344",
                "type": "SystemAssigned"
              }
            ],
            "image_cleaner_enabled": null,
            "image_cleaner_interval_hours": null,
            "ingress_application_gateway": [],
            "key_management_service": [],
            "key_vault_secrets_provider": [],
            "kube_admin_config": [],
            "kube_admin_config_raw": "",
            "kube_config": [
              {
                "client_certificate": "",
                "client_key": "",
                "cluster_ca_certificate": "LS0tLS1CRUdJTiBDRVJUSUZJQ0FURS0tLS0tCk1JSUU2RENDQXRDZ0F3SUJBZ0lRZVd6Y0lhL1hNdFZ0K0RrYlpRYW05akFOQmdrcWhraUc5dzBCQVFzRkFEQU4KTVFzd0NRWURWUVFERXdKallUQWdGdzB5TlRBeE1EY3hOVFUyTWpKYUdBOHlNRFUxTURFd056RTJNRFl5TWxvdwpEVEVMTUFrR0ExVUVBeE1DWTJFd2dnSWlNQTBHQ1NxR1NJYjNEUUVCQVFVQUE0SUNEd0F3Z2dJS0FvSUNBUURFCnlGaUhkSnVQNmFwM0hRSlVONGd3UjZYTndvdm1YSGVTRFplMlJYT0NpdWxIbVMrZENETDFRSW5wUTVra0hGTlUKaUswekk1a2ZlcTZDUkxmeFRZTEFQRG56N01xdkVwN25pNDRrbXYvOGFEUFNGYjluZ3NyS2tnSk9vNUh4Vk1rcApQK0lJMDU5K2tNUEdFOVhoVEt2S0pVV2JpMEcyYTh5V283MHM2TTJHelV0K2RLaXdmZCs0Q2kzSGNCcFhVbXViCmJJYzdCVFNvOEN0MUJmbGhvdUVmdjN5K205UUQzK0dwT2Q1dktseGpWYlhlWG9KaGtZTnR4YzJ4REQ5VkVkYkgKQWJtWUFJZjQ0VkM3K3FMcDUwdkpBNzRibndlSWxENEhJOHVoQWd1VXByTXA2Z0c0NUJ5cnN4UGFmNWowalNFMApXRWh3cTIycWFJdFJkSnd6Nmp6bmpXaWpyNlZydE9EaDgwakcyeHZNNjExbE1PMFAwY1pObzdJQll2ZUZIR3lXClZVMzZ3ZWZnb21XNzIvUkZhd2pSVmxRWW5KVExFVGQ5ZkQrWGRqeEVxUnJGQUtuWThGcVlmV2l1a2ZuT0RqYkkKY0FIWnY5TlpnZVRqS2VDOWxOSlV4dnpiZ3FROE40R3BGU1UvNGV2VXlSWXZiYVdKNitJdERRdHEvVjJWck9nTQpOMlk4a3grbStUZlc1MExHMU9SZEhkQUtSQ2ZZdW5HK0hJWjJRdlI3V2RFTUU2NjRhMEtURkNGekVLQ3RBWjZGCkQwaWlWQWVCNzRvM2ZDbWhoTHNIQ2grVk84QVNXT3dEMlZjc3RVNmFMR2lMYlVtMUp2ODNlNEh6TjN0RGQ1d0kKZVZSWEtwMk04dnI3UVJCUUpZMW5pSkhsaXlxQzlsdURaazRvOXY1M0p3SURBUUFCbzBJd1FEQU9CZ05WSFE4QgpBZjhFQkFNQ0FxUXdEd1lEVlIwVEFRSC9CQVV3QXdFQi96QWRCZ05WSFE0RUZnUVVKSzVZOUd2RHlXMC9OTVBmCmVRVHQwMmpwRnZNd0RRWUpLb1pJaHZjTkFRRUxCUUFEZ2dJQkFINFA2ZlFKbEcydmFEbVJYT3VEK1lWaDZuYVcKNW93bjZHS1pNV2dxV3BybS9PT0xUZkxKRzZoQ2xBQ2VUUnhzRTg4cDVrYW0wb0JKd21zZDBPV0hpTDlaU2R5ZQorZlQ0N2lSZHdaUlJZZ3ZMVXJ6Q0xFcllreE9VK0JjVm1xMDFPTllWYU1ETzFtNUlqak4rR2ZtTUVTQ0NZL3NFCm5YZUxnaGRFcWtydExBQ20zQXBEQisvT2kvSitkRG8zSXE0RHZNSEFESjdOa1VpTFh4UnhFZS9kdDBUUG5RNGgKcjdYS2JKaUVTTnlUWWZmeXhvY1kxYkxHUmdtMk0vK3VaSHVZdlY2VE9mSzFYZmJhV0VNdm1JUlVpdUVoSkpyeQpKRHFCdUxIc0k1T2YrcW0rbnVkbnNzd21ZNzFTekYzWVRLMUZUcmh6cE5ScEtmcTc1RlhOcmVPN000ckpIUDZ6CjRLYVAzSDBERXBVVDdnSXlIL2Nqc2xSNXBBb3dNczhoM2syNW9OcE1hdHROTVhiY0t2MWpyRTB3NWdEb1RydzYKa3c0L3ptUS9ORytjRE0xNTRTVnpCZGJrUHJyT0ZYKzJabm01Qk5adEMzVzQrZFNYakl5R0dndDN5SWRlZ1BVLwpBVFYyYkFyWW5LWE1MODlCdEZPQnUwY2MwbktKODBzTCtsR1NVTmRKUDJ1dzA4cUxtTjRDeDRYZ3pvRks1TUVoCmZQVnAreEtjTlRzVVFOcHVxT0FWaDd6NlRud3hnUjBubi9HMXBXMFpBbWppWE5ELzN3YXdLbU9JVmRrdEViQ1gKb3BwcGRNWkMvMzNpaXJoNVkwUWNJS1VmaEVCWEpmQlFOMndueE5tdkV3R0dEc25telZja2dlSkhhU1Y5VEtscgpXeGhxbXVXOFp6MkFKYzZ0Ci0tLS0tRU5EIENFUlRJRklDQVRFLS0tLS0K",
                "host": "https://terraform-aks-test-n0xrcvp1.hcp.eastus.azmk8s.io:443",
                "password": "",
                "username": "clusterUser_cummins-medium-test_terraform-aks-test"
              }
            ],
            "kube_config_raw": "apiVersion: v1\nclusters:\n- cluster:\n    certificate-authority-data: LS0tLS1CRUdJTiBDRVJUSUZJQ0FURS0tLS0tCk1JSUU2RENDQXRDZ0F3SUJBZ0lRZVd6Y0lhL1hNdFZ0K0RrYlpRYW05akFOQmdrcWhraUc5dzBCQVFzRkFEQU4KTVFzd0NRWURWUVFERXdKallUQWdGdzB5TlRBeE1EY3hOVFUyTWpKYUdBOHlNRFUxTURFd056RTJNRFl5TWxvdwpEVEVMTUFrR0ExVUVBeE1DWTJFd2dnSWlNQTBHQ1NxR1NJYjNEUUVCQVFVQUE0SUNEd0F3Z2dJS0FvSUNBUURFCnlGaUhkSnVQNmFwM0hRSlVONGd3UjZYTndvdm1YSGVTRFplMlJYT0NpdWxIbVMrZENETDFRSW5wUTVra0hGTlUKaUswekk1a2ZlcTZDUkxmeFRZTEFQRG56N01xdkVwN25pNDRrbXYvOGFEUFNGYjluZ3NyS2tnSk9vNUh4Vk1rcApQK0lJMDU5K2tNUEdFOVhoVEt2S0pVV2JpMEcyYTh5V283MHM2TTJHelV0K2RLaXdmZCs0Q2kzSGNCcFhVbXViCmJJYzdCVFNvOEN0MUJmbGhvdUVmdjN5K205UUQzK0dwT2Q1dktseGpWYlhlWG9KaGtZTnR4YzJ4REQ5VkVkYkgKQWJtWUFJZjQ0VkM3K3FMcDUwdkpBNzRibndlSWxENEhJOHVoQWd1VXByTXA2Z0c0NUJ5cnN4UGFmNWowalNFMApXRWh3cTIycWFJdFJkSnd6Nmp6bmpXaWpyNlZydE9EaDgwakcyeHZNNjExbE1PMFAwY1pObzdJQll2ZUZIR3lXClZVMzZ3ZWZnb21XNzIvUkZhd2pSVmxRWW5KVExFVGQ5ZkQrWGRqeEVxUnJGQUtuWThGcVlmV2l1a2ZuT0RqYkkKY0FIWnY5TlpnZVRqS2VDOWxOSlV4dnpiZ3FROE40R3BGU1UvNGV2VXlSWXZiYVdKNitJdERRdHEvVjJWck9nTQpOMlk4a3grbStUZlc1MExHMU9SZEhkQUtSQ2ZZdW5HK0hJWjJRdlI3V2RFTUU2NjRhMEtURkNGekVLQ3RBWjZGCkQwaWlWQWVCNzRvM2ZDbWhoTHNIQ2grVk84QVNXT3dEMlZjc3RVNmFMR2lMYlVtMUp2ODNlNEh6TjN0RGQ1d0kKZVZSWEtwMk04dnI3UVJCUUpZMW5pSkhsaXlxQzlsdURaazRvOXY1M0p3SURBUUFCbzBJd1FEQU9CZ05WSFE4QgpBZjhFQkFNQ0FxUXdEd1lEVlIwVEFRSC9CQVV3QXdFQi96QWRCZ05WSFE0RUZnUVVKSzVZOUd2RHlXMC9OTVBmCmVRVHQwMmpwRnZNd0RRWUpLb1pJaHZjTkFRRUxCUUFEZ2dJQkFINFA2ZlFKbEcydmFEbVJYT3VEK1lWaDZuYVcKNW93bjZHS1pNV2dxV3BybS9PT0xUZkxKRzZoQ2xBQ2VUUnhzRTg4cDVrYW0wb0JKd21zZDBPV0hpTDlaU2R5ZQorZlQ0N2lSZHdaUlJZZ3ZMVXJ6Q0xFcllreE9VK0JjVm1xMDFPTllWYU1ETzFtNUlqak4rR2ZtTUVTQ0NZL3NFCm5YZUxnaGRFcWtydExBQ20zQXBEQisvT2kvSitkRG8zSXE0RHZNSEFESjdOa1VpTFh4UnhFZS9kdDBUUG5RNGgKcjdYS2JKaUVTTnlUWWZmeXhvY1kxYkxHUmdtMk0vK3VaSHVZdlY2VE9mSzFYZmJhV0VNdm1JUlVpdUVoSkpyeQpKRHFCdUxIc0k1T2YrcW0rbnVkbnNzd21ZNzFTekYzWVRLMUZUcmh6cE5ScEtmcTc1RlhOcmVPN000ckpIUDZ6CjRLYVAzSDBERXBVVDdnSXlIL2Nqc2xSNXBBb3dNczhoM2syNW9OcE1hdHROTVhiY0t2MWpyRTB3NWdEb1RydzYKa3c0L3ptUS9ORytjRE0xNTRTVnpCZGJrUHJyT0ZYKzJabm01Qk5adEMzVzQrZFNYakl5R0dndDN5SWRlZ1BVLwpBVFYyYkFyWW5LWE1MODlCdEZPQnUwY2MwbktKODBzTCtsR1NVTmRKUDJ1dzA4cUxtTjRDeDRYZ3pvRks1TUVoCmZQVnAreEtjTlRzVVFOcHVxT0FWaDd6NlRud3hnUjBubi9HMXBXMFpBbWppWE5ELzN3YXdLbU9JVmRrdEViQ1gKb3BwcGRNWkMvMzNpaXJoNVkwUWNJS1VmaEVCWEpmQlFOMndueE5tdkV3R0dEc25telZja2dlSkhhU1Y5VEtscgpXeGhxbXVXOFp6MkFKYzZ0Ci0tLS0tRU5EIENFUlRJRklDQVRFLS0tLS0K\n    server: https://terraform-aks-test-n0xrcvp1.hcp.eastus.azmk8s.io:443\n  name: terraform-aks-test\ncontexts:\n- context:\n    cluster: terraform-aks-test\n    user: clusterUser_cummins-medium-test_terraform-aks-test\n  name: terraform-aks-test\ncurrent-context: terraform-aks-test\nkind: Config\npreferences: {}\nusers:\n- name: clusterUser_cummins-medium-test_terraform-aks-test\n  user:\n    exec:\n      apiVersion: client.authentication.k8s.io/v1beta1\n      args:\n      - get-token\n      - --environment\n      - AzurePublicCloud\n      - --server-id\n      - 6dae42f8-4368-4678-94ff-3960e28e3630\n      - --client-id\n      - 80faf920-1908-4b52-b5ef-a8e7bedfc67a\n      - --tenant-id\n      - 78bc4686-f789-41d4-bfd6-1bbd52d78344\n      - --login\n      - devicecode\n      command: kubelogin\n      env: null\n      installHint: |2\n\n        kubelogin is not installed which is required to connect to AAD enabled cluster.\n\n        To learn more, please go to https://aka.ms/aks/kubelogin\n      provideClusterInfo: false\n",
            "kubelet_identity": [
              {
                "client_id": "d9d542a1-0eab-4c71-9b50-32ebb2644b05",
                "object_id": "24cd9fac-1777-48c4-9652-98f6cee7aaf1",
                "user_assigned_identity_id": "/subscriptions/e5e62d08-85ed-413e-96aa-d9dbc151dc0b/resourceGroups/terraform-aks-test-rg/providers/Microsoft.ManagedIdentity/userAssignedIdentities/terraform-aks-test-agentpool"
              }
            ],
            "kubernetes_version": "1.31.2",
            "linux_profile": [],
            "local_account_disabled": true,
            "location": "eastus",
            "maintenance_window": [],
            "maintenance_window_auto_upgrade": [],
            "maintenance_window_node_os": [],
            "microsoft_defender": [],
            "monitor_metrics": [],
            "name": "terraform-aks-test",
            "network_profile": [
              {
                "dns_service_ip": "10.0.0.10",
                "ip_versions": [
                  "IPv4"
                ],
                "load_balancer_profile": [
                  {
                    "effective_outbound_ips": [
                      "/subscriptions/e5e62d08-85ed-413e-96aa-d9dbc151dc0b/resourceGroups/terraform-aks-test-rg/providers/Microsoft.Network/publicIPAddresses/821565f1-3515-492a-8feb-1489fc0ea57a"
                    ],
                    "idle_timeout_in_minutes": 0,
                    "managed_outbound_ip_count": 1,
                    "managed_outbound_ipv6_count": 0,
                    "outbound_ip_address_ids": [],
                    "outbound_ip_prefix_ids": [],
                    "outbound_ports_allocated": 0
                  }
                ],
                "load_balancer_sku": "standard",
                "nat_gateway_profile": [],
                "network_data_plane": "azure",
                "network_mode": "",
                "network_plugin": "kubenet",
                "network_plugin_mode": "",
                "network_policy": "",
                "outbound_type": "loadBalancer",
                "pod_cidr": "10.244.0.0/16",
                "pod_cidrs": [
                  "10.244.0.0/16"
                ],
                "service_cidr": "10.0.0.0/16",
                "service_cidrs": [
                  "10.0.0.0/16"
                ]
              }
            ],
            "node_os_upgrade_channel": "NodeImage",
            "node_resource_group": "terraform-aks-test-rg",
            "node_resource_group_id": "/subscriptions/e5e62d08-85ed-413e-96aa-d9dbc151dc0b/resourceGroups/terraform-aks-test-rg",
            "oidc_issuer_enabled": false,
            "oidc_issuer_url": "",
            "oms_agent": [],
            "open_service_mesh_enabled": null,
            "portal_fqdn": "terraform-aks-test-n0xrcvp1.portal.hcp.eastus.azmk8s.io",
            "private_cluster_enabled": false,
            "private_cluster_public_fqdn_enabled": false,
            "private_dns_zone_id": "",
            "private_fqdn": "",
            "resource_group_name": "cummins-medium-test",
            "role_based_access_control_enabled": true,
            "run_command_enabled": true,
            "service_mesh_profile": [],
            "service_principal": [],
            "sku_tier": "Free",
            "storage_profile": [],
            "support_plan": "KubernetesOfficial",
            "tags": {},
            "timeouts": null,
            "web_app_routing": [],
            "windows_profile": [],
            "workload_autoscaler_profile": [],
            "workload_identity_enabled": false
          },
          "sensitive_attributes": [
            [
              {
                "type": "get_attr",
                "value": "kube_config"
              }
            ],
            [
              {
                "type": "get_attr",
                "value": "kube_admin_config_raw"
              }
            ],
            [
              {
                "type": "get_attr",
                "value": "kube_admin_config"
              }
            ],
            [
              {
                "type": "get_attr",
                "value": "kube_config_raw"
              }
            ]
          ],
          "private": "eyJlMmJmYjczMC1lY2FhLTExZTYtOGY4OC0zNDM2M2JjN2M0YzAiOnsiY3JlYXRlIjo1NDAwMDAwMDAwMDAwLCJkZWxldGUiOjU0MDAwMDAwMDAwMDAsInJlYWQiOjMwMDAwMDAwMDAwMCwidXBkYXRlIjo1NDAwMDAwMDAwMDAwfSwic2NoZW1hX3ZlcnNpb24iOiIyIn0="
        }
      ]
    },
    {
      "mode": "managed",
      "type": "helm_release",
      "name": "nginx_ingress",
      "provider": "provider[\"registry.terraform.io/hashicorp/helm\"]",
      "instances": [
        {
          "schema_version": 1,
          "attributes": {
            "atomic": false,
            "chart": "ingress-nginx",
            "cleanup_on_fail": false,
            "create_namespace": false,
            "dependency_update": false,
            "description": null,
            "devel": null,
            "disable_crd_hooks": false,
            "disable_openapi_validation": false,
            "disable_webhooks": false,
            "force_update": false,
            "id": "nginx-ingress-test",
            "keyring": null,
            "lint": false,
            "manifest": null,
            "max_history": 0,
            "metadata": [
              {
                "app_version": "1.1.0",
                "chart": "ingress-nginx",
                "first_deployed": 1736266175,
                "last_deployed": 1736266175,
                "name": "nginx-ingress-test",
                "namespace": "default",
                "notes": "The ingress-nginx controller has been installed.\nIt may take a few minutes for the LoadBalancer IP to be available.\nYou can watch the status by running 'kubectl --namespace default get services -o wide -w nginx-ingress-test-ingress-nginx-controller'\n\nAn example Ingress that makes use of the controller:\n  apiVersion: networking.k8s.io/v1\n  kind: Ingress\n  metadata:\n    name: example\n    namespace: foo\n  spec:\n    ingressClassName: nginx\n    rules:\n      - host: www.example.com\n        http:\n          paths:\n            - backend:\n                service:\n                  name: exampleService\n                  port:\n                    number: 80\n              path: /\n    # This section is only required if TLS is to be enabled for the Ingress\n    tls:\n      - hosts:\n        - www.example.com\n        secretName: example-tls\n\nIf TLS is enabled for the Ingress, a Secret containing the certificate and key must also be provided:\n\n  apiVersion: v1\n  kind: Secret\n  metadata:\n    name: example-tls\n    namespace: foo\n  data:\n    tls.crt: \u003cbase64 encoded cert\u003e\n    tls.key: \u003cbase64 encoded key\u003e\n  type: kubernetes.io/tls\n",
                "revision": 1,
                "values": "{\"controller\":{\"publishService\":{\"enabled\":true},\"replicaCount\":1,\"service\":{\"type\":\"LoadBalancer\"}}}",
                "version": "4.0.12"
              }
            ],
            "name": "nginx-ingress-test",
            "namespace": "default",
            "pass_credentials": false,
            "postrender": [],
            "recreate_pods": false,
            "render_subchart_notes": true,
            "replace": false,
            "repository": "https://kubernetes.github.io/ingress-nginx",
            "repository_ca_file": null,
            "repository_cert_file": null,
            "repository_key_file": null,
            "repository_password": null,
            "repository_username": null,
            "reset_values": false,
            "reuse_values": false,
            "set": [
              {
                "name": "controller.publishService.enabled",
                "type": "",
                "value": "true"
              },
              {
                "name": "controller.replicaCount",
                "type": "",
                "value": "1"
              },
              {
                "name": "controller.service.type",
                "type": "",
                "value": "LoadBalancer"
              }
            ],
            "set_list": [],
            "set_sensitive": [],
            "skip_crds": false,
            "status": "deployed",
            "timeout": 300,
            "upgrade_install": null,
            "values": null,
            "verify": false,
            "version": "4.0.12",
            "wait": true,
            "wait_for_jobs": false
          },
          "sensitive_attributes": [
            [
              {
                "type": "get_attr",
                "value": "repository_password"
              }
            ]
          ],
          "private": "eyJzY2hlbWFfdmVyc2lvbiI6IjEifQ=="
        }
      ]
    }
  ],
  "check_results": null
}
